Microsoft Visual Studio Solution File, Format Version 12.00
# Visual Studio Version 16
VisualStudioVersion = 16.0.29521.150
MinimumVisualStudioVersion = 10.0.40219.1
Project("{9A19103F-16F7-4668-BE54-9A1E7A4F7556}") = "Vibor.View.Helpers", "Vibor.View.Helpers\Vibor.View.Helpers.csproj", "{2B30CCDC-EB42-4CF4-9E36-65E6B476061D}"
EndProject
Project("{9A19103F-16F7-4668-BE54-9A1E7A4F7556}") = "Vibor.Helpers", "Vibor.Helpers\Vibor.Helpers.csproj", "{CEE75388-0852-4FAE-BBAD-E3D87D16004E}"
EndProject
Project("{9A19103F-16F7-4668-BE54-9A1E7A4F7556}") = "Vibor.Logging", "Vibor.Logging\Vibor.Logging.csproj", "{ABB2CDD6-7F3F-4540-B3C7-2E502C9575D9}"
EndProject
Project("{9A19103F-16F7-4668-BE54-9A1E7A4F7556}") = "Projects.Models", "Projects.Models\Projects.Models.csproj", "{19E5B0D3-2A87-481A-B706-8DC91192A76F}"
EndProject
Project("{9A19103F-16F7-4668-BE54-9A1E7A4F7556}") = "Projects.ViewModels", "Projects.ViewModels\Projects.ViewModels.csproj", "{21FFC4BC-C6C4-4E9F-9765-46D24DB752FF}"
EndProject
Project("{9A19103F-16F7-4668-BE54-9A1E7A4F7556}") = "Projects.Views", "Projects.Views\Projects.Views.csproj", "{DA1C1E1D-BED3-49A4-AA75-43647B766E56}"
EndProject
Project("{9A19103F-16F7-4668-BE54-9A1E7A4F7556}") = "ProjectApp", "ProjectApp\ProjectApp.csproj", "{17594366-CB83-4DFA-8D4F-9932DE22FD1C}"
EndProject
Project("{9A19103F-16F7-4668-BE54-9A1E7A4F7556}") = "Vibor.Hepers2", "Vibor.Hepers2\Vibor.Hepers2.csproj", "{5A24BAA7-2660-4B9C-B9FC-6C25E385EECE}"
EndProject
Global
	GlobalSection(SolutionConfigurationPlatforms) = preSolution
		Debug|Any CPU = Debug|Any CPU
		Release|Any CPU = Release|Any CPU
	EndGlobalSection
	GlobalSection(ProjectConfigurationPlatforms) = postSolution
		{2B30CCDC-EB42-4CF4-9E36-65E6B476061D}.Debug|Any CPU.ActiveCfg = Debug|Any CPU
		{2B30CCDC-EB42-4CF4-9E36-65E6B476061D}.Debug|Any CPU.Build.0 = Debug|Any CPU
		{2B30CCDC-EB42-4CF4-9E36-65E6B476061D}.Release|Any CPU.ActiveCfg = Release|Any CPU
		{2B30CCDC-EB42-4CF4-9E36-65E6B476061D}.Release|Any CPU.Build.0 = Release|Any CPU
		{CEE75388-0852-4FAE-BBAD-E3D87D16004E}.Debug|Any CPU.ActiveCfg = Debug|Any CPU
		{CEE75388-0852-4FAE-BBAD-E3D87D16004E}.Debug|Any CPU.Build.0 = Debug|Any CPU
		{CEE75388-0852-4FAE-BBAD-E3D87D16004E}.Release|Any CPU.ActiveCfg = Release|Any CPU
		{CEE75388-0852-4FAE-BBAD-E3D87D16004E}.Release|Any CPU.Build.0 = Release|Any CPU
		{ABB2CDD6-7F3F-4540-B3C7-2E502C9575D9}.Debug|Any CPU.ActiveCfg = Debug|Any CPU
		{ABB2CDD6-7F3F-4540-B3C7-2E502C9575D9}.Debug|Any CPU.Build.0 = Debug|Any CPU
		{ABB2CDD6-7F3F-4540-B3C7-2E502C9575D9}.Release|Any CPU.ActiveCfg = Release|Any CPU
		{ABB2CDD6-7F3F-4540-B3C7-2E502C9575D9}.Release|Any CPU.Build.0 = Release|Any CPU
		{19E5B0D3-2A87-481A-B706-8DC91192A76F}.Debug|Any CPU.ActiveCfg = Debug|Any CPU
		{19E5B0D3-2A87-481A-B706-8DC91192A76F}.Debug|Any CPU.Build.0 = Debug|Any CPU
		{19E5B0D3-2A87-481A-B706-8DC91192A76F}.Release|Any CPU.ActiveCfg = Release|Any CPU
		{19E5B0D3-2A87-481A-B706-8DC91192A76F}.Release|Any CPU.Build.0 = Release|Any CPU
		{21FFC4BC-C6C4-4E9F-9765-46D24DB752FF}.Debug|Any CPU.ActiveCfg = Debug|Any CPU
		{21FFC4BC-C6C4-4E9F-9765-46D24DB752FF}.Debug|Any CPU.Build.0 = Debug|Any CPU
		{21FFC4BC-C6C4-4E9F-9765-46D24DB752FF}.Release|Any CPU.ActiveCfg = Release|Any CPU
		{21FFC4BC-C6C4-4E9F-9765-46D24DB752FF}.Release|Any CPU.Build.0 = Release|Any CPU
		{DA1C1E1D-BED3-49A4-AA75-43647B766E56}.Debug|Any CPU.ActiveCfg = Debug|Any CPU
		{DA1C1E1D-BED3-49A4-AA75-43647B766E56}.Debug|Any CPU.Build.0 = Debug|Any CPU
		{DA1C1E1D-BED3-49A4-AA75-43647B766E56}.Release|Any CPU.ActiveCfg = Release|Any CPU
		{DA1C1E1D-BED3-49A4-AA75-43647B766E56}.Release|Any CPU.Build.0 = Release|Any CPU
		{17594366-CB83-4DFA-8D4F-9932DE22FD1C}.Debug|Any CPU.ActiveCfg = Debug|Any CPU
		{17594366-CB83-4DFA-8D4F-9932DE22FD1C}.Debug|Any CPU.Build.0 = Debug|Any CPU
		{17594366-CB83-4DFA-8D4F-9932DE22FD1C}.Release|Any CPU.ActiveCfg = Release|Any CPU
		{17594366-CB83-4DFA-8D4F-9932DE22FD1C}.Release|Any CPU.Build.0 = Release|Any CPU
		{5A24BAA7-2660-4B9C-B9FC-6C25E385EECE}.Debug|Any CPU.ActiveCfg = Debug|Any CPU
		{5A24BAA7-2660-4B9C-B9FC-6C25E385EECE}.Debug|Any CPU.Build.0 = Debug|Any CPU
		{5A24BAA7-2660-4B9C-B9FC-6C25E385EECE}.Release|Any CPU.ActiveCfg = Release|Any CPU
		{5A24BAA7-2660-4B9C-B9FC-6C25E385EECE}.Release|Any CPU.Build.0 = Release|Any CPU
	EndGlobalSection
	GlobalSection(SolutionProperties) = preSolution
		HideSolutionNode = FALSE
	EndGlobalSection
	GlobalSection(ExtensibilityGlobals) = postSolution
		SolutionGuid = {38B3FFAD-4509-447A-A840-02F9700A21D7}
	EndGlobalSection
EndGlobal
