
Microsoft Visual Studio Solution File, Format Version 11.00
# Visual Studio 2010
Project("{FAE04EC0-301F-11D3-BF4B-00C04F79EFBC}") = "Projects.Models", "Projects.Models.csproj", "{B2171302-BCAA-4993-9A3F-6EC679EF7CD1}"
EndProject
Global
	GlobalSection(SolutionConfigurationPlatforms) = preSolution
		Debug|Any CPU = Debug|Any CPU
		Release|Any CPU = Release|Any CPU
	EndGlobalSection
	GlobalSection(ProjectConfigurationPlatforms) = postSolution
		{B2171302-BCAA-4993-9A3F-6EC679EF7CD1}.Debug|Any CPU.ActiveCfg = Debug|Any CPU
		{B2171302-BCAA-4993-9A3F-6EC679EF7CD1}.Debug|Any CPU.Build.0 = Debug|Any CPU
		{B2171302-BCAA-4993-9A3F-6EC679EF7CD1}.Release|Any CPU.ActiveCfg = Release|Any CPU
		{B2171302-BCAA-4993-9A3F-6EC679EF7CD1}.Release|Any CPU.Build.0 = Release|Any CPU
	EndGlobalSection
	GlobalSection(SolutionProperties) = preSolution
		HideSolutionNode = FALSE
	EndGlobalSection
EndGlobal
